// !$*UTF8*$!
{
	archiveVersion = 1;
	classes = {
	};
	objectVersion = 46;
	objects = {

/* Begin PBXBuildFile section */
		6EDE891CCAB740DE437691EC /* Pods_ShoppingList.framework in Frameworks */ = {isa = PBXBuildFile; fileRef = 7923F13755F1BBF3194E3A76 /* Pods_ShoppingList.framework */; };
		93015CCD207E5461005B6CA6 /* Colour.swift in Sources */ = {isa = PBXBuildFile; fileRef = 93015CCC207E5461005B6CA6 /* Colour.swift */; };
		931EE95B206411A900DC4E15 /* ConnectionChecker.swift in Sources */ = {isa = PBXBuildFile; fileRef = 931EE95A206411A900DC4E15 /* ConnectionChecker.swift */; };
		931EE96A206559DE00DC4E15 /* ShoppingList.xcdatamodeld in Sources */ = {isa = PBXBuildFile; fileRef = 931EE968206559DE00DC4E15 /* ShoppingList.xcdatamodeld */; };
		931EE96D20655A6B00DC4E15 /* Lists+CoreDataClass.swift in Sources */ = {isa = PBXBuildFile; fileRef = 931EE96B20655A6B00DC4E15 /* Lists+CoreDataClass.swift */; };
		931EE96E20655A6B00DC4E15 /* Lists+CoreDataProperties.swift in Sources */ = {isa = PBXBuildFile; fileRef = 931EE96C20655A6B00DC4E15 /* Lists+CoreDataProperties.swift */; };
		931EE97120659E0900DC4E15 /* DatabaseManager.swift in Sources */ = {isa = PBXBuildFile; fileRef = 931EE97020659E0900DC4E15 /* DatabaseManager.swift */; };
		9342B2731EFD15F50092C409 /* AppDelegate.swift in Sources */ = {isa = PBXBuildFile; fileRef = 9342B2721EFD15F50092C409 /* AppDelegate.swift */; };
		9342B2751EFD15F50092C409 /* HomeViewController.swift in Sources */ = {isa = PBXBuildFile; fileRef = 9342B2741EFD15F50092C409 /* HomeViewController.swift */; };
		9342B2781EFD15F50092C409 /* Main.storyboard in Resources */ = {isa = PBXBuildFile; fileRef = 9342B2761EFD15F50092C409 /* Main.storyboard */; };
		9342B27A1EFD15F50092C409 /* Assets.xcassets in Resources */ = {isa = PBXBuildFile; fileRef = 9342B2791EFD15F50092C409 /* Assets.xcassets */; };
		9342B27D1EFD15F50092C409 /* LaunchScreen.storyboard in Resources */ = {isa = PBXBuildFile; fileRef = 9342B27B1EFD15F50092C409 /* LaunchScreen.storyboard */; };
		9342B2851EFD29650092C409 /* ShoppingListVC.swift in Sources */ = {isa = PBXBuildFile; fileRef = 9342B2841EFD29650092C409 /* ShoppingListVC.swift */; };
		9342B2891EFD2D110092C409 /* Item.swift in Sources */ = {isa = PBXBuildFile; fileRef = 9342B2881EFD2D110092C409 /* Item.swift */; };
		9342B28B1F02C4250092C409 /* ItemTVC.swift in Sources */ = {isa = PBXBuildFile; fileRef = 9342B28A1F02C4250092C409 /* ItemTVC.swift */; };
		9342B28E1F081F5D0092C409 /* GoogleService-Info.plist in Resources */ = {isa = PBXBuildFile; fileRef = 9342B28D1F081F5D0092C409 /* GoogleService-Info.plist */; };
		9342B2901F0820460092C409 /* List.swift in Sources */ = {isa = PBXBuildFile; fileRef = 9342B28F1F0820460092C409 /* List.swift */; };
		9342B2921F0C30570092C409 /* ListController.swift in Sources */ = {isa = PBXBuildFile; fileRef = 9342B2911F0C30570092C409 /* ListController.swift */; };
		93B56AF52066FDA1006B00BA /* Messaging.swift in Sources */ = {isa = PBXBuildFile; fileRef = 93B56AF42066FDA1006B00BA /* Messaging.swift */; };
/* End PBXBuildFile section */

/* Begin PBXFileReference section */
		35D5167269E34F648DA39338 /* Pods-ShoppingList.debug.xcconfig */ = {isa = PBXFileReference; includeInIndex = 1; lastKnownFileType = text.xcconfig; name = "Pods-ShoppingList.debug.xcconfig"; path = "Pods/Target Support Files/Pods-ShoppingList/Pods-ShoppingList.debug.xcconfig"; sourceTree = "<group>"; };
		7923F13755F1BBF3194E3A76 /* Pods_ShoppingList.framework */ = {isa = PBXFileReference; explicitFileType = wrapper.framework; includeInIndex = 0; path = Pods_ShoppingList.framework; sourceTree = BUILT_PRODUCTS_DIR; };
		93015CCC207E5461005B6CA6 /* Colour.swift */ = {isa = PBXFileReference; lastKnownFileType = sourcecode.swift; path = Colour.swift; sourceTree = "<group>"; };
		931EE95A206411A900DC4E15 /* ConnectionChecker.swift */ = {isa = PBXFileReference; lastKnownFileType = sourcecode.swift; path = ConnectionChecker.swift; sourceTree = "<group>"; };
		931EE969206559DE00DC4E15 /* ShoppingList.xcdatamodel */ = {isa = PBXFileReference; lastKnownFileType = wrapper.xcdatamodel; path = ShoppingList.xcdatamodel; sourceTree = "<group>"; };
		931EE96B20655A6B00DC4E15 /* Lists+CoreDataClass.swift */ = {isa = PBXFileReference; lastKnownFileType = sourcecode.swift; path = "Lists+CoreDataClass.swift"; sourceTree = "<group>"; };
		931EE96C20655A6B00DC4E15 /* Lists+CoreDataProperties.swift */ = {isa = PBXFileReference; lastKnownFileType = sourcecode.swift; path = "Lists+CoreDataProperties.swift"; sourceTree = "<group>"; };
		931EE97020659E0900DC4E15 /* DatabaseManager.swift */ = {isa = PBXFileReference; lastKnownFileType = sourcecode.swift; path = DatabaseManager.swift; sourceTree = "<group>"; };
		9342B26F1EFD15F50092C409 /* Shopping List - Live.app */ = {isa = PBXFileReference; explicitFileType = wrapper.application; includeInIndex = 0; path = "Shopping List - Live.app"; sourceTree = BUILT_PRODUCTS_DIR; };
		9342B2721EFD15F50092C409 /* AppDelegate.swift */ = {isa = PBXFileReference; lastKnownFileType = sourcecode.swift; path = AppDelegate.swift; sourceTree = "<group>"; };
		9342B2741EFD15F50092C409 /* HomeViewController.swift */ = {isa = PBXFileReference; lastKnownFileType = sourcecode.swift; path = HomeViewController.swift; sourceTree = "<group>"; };
		9342B2771EFD15F50092C409 /* Base */ = {isa = PBXFileReference; lastKnownFileType = file.storyboard; name = Base; path = Base.lproj/Main.storyboard; sourceTree = "<group>"; };
		9342B2791EFD15F50092C409 /* Assets.xcassets */ = {isa = PBXFileReference; lastKnownFileType = folder.assetcatalog; path = Assets.xcassets; sourceTree = "<group>"; };
		9342B27C1EFD15F50092C409 /* Base */ = {isa = PBXFileReference; lastKnownFileType = file.storyboard; name = Base; path = Base.lproj/LaunchScreen.storyboard; sourceTree = "<group>"; };
		9342B27E1EFD15F50092C409 /* Info.plist */ = {isa = PBXFileReference; lastKnownFileType = text.plist.xml; path = Info.plist; sourceTree = "<group>"; };
		9342B2841EFD29650092C409 /* ShoppingListVC.swift */ = {isa = PBXFileReference; fileEncoding = 4; lastKnownFileType = sourcecode.swift; path = ShoppingListVC.swift; sourceTree = "<group>"; };
		9342B2881EFD2D110092C409 /* Item.swift */ = {isa = PBXFileReference; fileEncoding = 4; lastKnownFileType = sourcecode.swift; path = Item.swift; sourceTree = "<group>"; };
		9342B28A1F02C4250092C409 /* ItemTVC.swift */ = {isa = PBXFileReference; fileEncoding = 4; lastKnownFileType = sourcecode.swift; path = ItemTVC.swift; sourceTree = "<group>"; };
		9342B28D1F081F5D0092C409 /* GoogleService-Info.plist */ = {isa = PBXFileReference; fileEncoding = 4; lastKnownFileType = text.plist.xml; path = "GoogleService-Info.plist"; sourceTree = "<group>"; };
		9342B28F1F0820460092C409 /* List.swift */ = {isa = PBXFileReference; fileEncoding = 4; lastKnownFileType = sourcecode.swift; path = List.swift; sourceTree = "<group>"; };
		9342B2911F0C30570092C409 /* ListController.swift */ = {isa = PBXFileReference; fileEncoding = 4; lastKnownFileType = sourcecode.swift; path = ListController.swift; sourceTree = "<group>"; };
		93B56AF42066FDA1006B00BA /* Messaging.swift */ = {isa = PBXFileReference; lastKnownFileType = sourcecode.swift; path = Messaging.swift; sourceTree = "<group>"; };
		DB774FA88A8103C038B6A54C /* Pods-ShoppingList.release.xcconfig */ = {isa = PBXFileReference; includeInIndex = 1; lastKnownFileType = text.xcconfig; name = "Pods-ShoppingList.release.xcconfig"; path = "Pods/Target Support Files/Pods-ShoppingList/Pods-ShoppingList.release.xcconfig"; sourceTree = "<group>"; };
/* End PBXFileReference section */

/* Begin PBXFrameworksBuildPhase section */
		9342B26C1EFD15F50092C409 /* Frameworks */ = {
			isa = PBXFrameworksBuildPhase;
			buildActionMask = 2147483647;
			files = (
				6EDE891CCAB740DE437691EC /* Pods_ShoppingList.framework in Frameworks */,
			);
			runOnlyForDeploymentPostprocessing = 0;
		};
/* End PBXFrameworksBuildPhase section */

/* Begin PBXGroup section */
		5B8D63DC1F6C8351B3E957B6 /* Frameworks */ = {
			isa = PBXGroup;
			children = (
				7923F13755F1BBF3194E3A76 /* Pods_ShoppingList.framework */,
			);
			name = Frameworks;
			sourceTree = "<group>";
		};
		93015CCB207E541F005B6CA6 /* User Interface Style */ = {
			isa = PBXGroup;
			children = (
				93015CCC207E5461005B6CA6 /* Colour.swift */,
			);
			name = "User Interface Style";
			sourceTree = "<group>";
		};
		931EE95F206556F600DC4E15 /* Core Data */ = {
			isa = PBXGroup;
			children = (
				931EE96B20655A6B00DC4E15 /* Lists+CoreDataClass.swift */,
				931EE96C20655A6B00DC4E15 /* Lists+CoreDataProperties.swift */,
				931EE968206559DE00DC4E15 /* ShoppingList.xcdatamodeld */,
			);
			name = "Core Data";
			sourceTree = "<group>";
		};
		931EE96F20659DF300DC4E15 /* Managers */ = {
			isa = PBXGroup;
			children = (
				9342B2911F0C30570092C409 /* ListController.swift */,
				931EE97020659E0900DC4E15 /* DatabaseManager.swift */,
			);
			name = Managers;
			sourceTree = "<group>";
		};
		9342B2661EFD15F50092C409 = {
			isa = PBXGroup;
			children = (
				9342B2711EFD15F50092C409 /* ShoppingList */,
				9342B2701EFD15F50092C409 /* Products */,
				D08A1A82A9C9FA93E68A6D54 /* Pods */,
				5B8D63DC1F6C8351B3E957B6 /* Frameworks */,
			);
			sourceTree = "<group>";
		};
		9342B2701EFD15F50092C409 /* Products */ = {
			isa = PBXGroup;
			children = (
				9342B26F1EFD15F50092C409 /* Shopping List - Live.app */,
			);
			name = Products;
			sourceTree = "<group>";
		};
		9342B2711EFD15F50092C409 /* ShoppingList */ = {
			isa = PBXGroup;
			children = (
				93015CCB207E541F005B6CA6 /* User Interface Style */,
				931EE96F20659DF300DC4E15 /* Managers */,
				931EE95F206556F600DC4E15 /* Core Data */,
				9342B28C1F081E120092C409 /* Views */,
				9342B2721EFD15F50092C409 /* AppDelegate.swift */,
				9342B2761EFD15F50092C409 /* Main.storyboard */,
				9342B2791EFD15F50092C409 /* Assets.xcassets */,
				9342B27B1EFD15F50092C409 /* LaunchScreen.storyboard */,
				9342B27E1EFD15F50092C409 /* Info.plist */,
				9342B28D1F081F5D0092C409 /* GoogleService-Info.plist */,
				9342B2881EFD2D110092C409 /* Item.swift */,
				9342B28F1F0820460092C409 /* List.swift */,
				931EE95A206411A900DC4E15 /* ConnectionChecker.swift */,
				93B56AF42066FDA1006B00BA /* Messaging.swift */,
			);
			path = ShoppingList;
			sourceTree = "<group>";
		};
		9342B28C1F081E120092C409 /* Views */ = {
			isa = PBXGroup;
			children = (
				9342B2741EFD15F50092C409 /* HomeViewController.swift */,
				9342B2841EFD29650092C409 /* ShoppingListVC.swift */,
				9342B28A1F02C4250092C409 /* ItemTVC.swift */,
			);
			name = Views;
			sourceTree = "<group>";
		};
		D08A1A82A9C9FA93E68A6D54 /* Pods */ = {
			isa = PBXGroup;
			children = (
				35D5167269E34F648DA39338 /* Pods-ShoppingList.debug.xcconfig */,
				DB774FA88A8103C038B6A54C /* Pods-ShoppingList.release.xcconfig */,
			);
			name = Pods;
			sourceTree = "<group>";
		};
/* End PBXGroup section */

/* Begin PBXNativeTarget section */
		9342B26E1EFD15F50092C409 /* Shopping List */ = {
			isa = PBXNativeTarget;
			buildConfigurationList = 9342B2811EFD15F50092C409 /* Build configuration list for PBXNativeTarget "Shopping List" */;
			buildPhases = (
				464C727B76B62DDA867B3649 /* [CP] Check Pods Manifest.lock */,
				9342B26B1EFD15F50092C409 /* Sources */,
				9342B26C1EFD15F50092C409 /* Frameworks */,
				9342B26D1EFD15F50092C409 /* Resources */,
				BFDC78610F7675D1D8313FE7 /* [CP] Embed Pods Frameworks */,
				BD2D219269F58DE6EA85BFB7 /* [CP] Copy Pods Resources */,
			);
			buildRules = (
			);
			dependencies = (
			);
			name = "Shopping List";
			productName = ShoppingList;
			productReference = 9342B26F1EFD15F50092C409 /* Shopping List - Live.app */;
			productType = "com.apple.product-type.application";
		};
/* End PBXNativeTarget section */

/* Begin PBXProject section */
		9342B2671EFD15F50092C409 /* Project object */ = {
			isa = PBXProject;
			attributes = {
				LastSwiftUpdateCheck = 0830;
				LastUpgradeCheck = 0930;
				ORGANIZATIONNAME = "Dayan Yonnatan";
				TargetAttributes = {
					9342B26E1EFD15F50092C409 = {
						CreatedOnToolsVersion = 8.3.3;
						DevelopmentTeam = S7WE6HW865;
						LastSwiftMigration = 0930;
						ProvisioningStyle = Automatic;
					};
				};
			};
			buildConfigurationList = 9342B26A1EFD15F50092C409 /* Build configuration list for PBXProject "Shopping List" */;
			compatibilityVersion = "Xcode 3.2";
			developmentRegion = English;
			hasScannedForEncodings = 0;
			knownRegions = (
				en,
				Base,
			);
			mainGroup = 9342B2661EFD15F50092C409;
			productRefGroup = 9342B2701EFD15F50092C409 /* Products */;
			projectDirPath = "";
			projectRoot = "";
			targets = (
				9342B26E1EFD15F50092C409 /* Shopping List */,
			);
		};
/* End PBXProject section */

/* Begin PBXResourcesBuildPhase section */
		9342B26D1EFD15F50092C409 /* Resources */ = {
			isa = PBXResourcesBuildPhase;
			buildActionMask = 2147483647;
			files = (
				9342B27D1EFD15F50092C409 /* LaunchScreen.storyboard in Resources */,
				9342B28E1F081F5D0092C409 /* GoogleService-Info.plist in Resources */,
				9342B27A1EFD15F50092C409 /* Assets.xcassets in Resources */,
				9342B2781EFD15F50092C409 /* Main.storyboard in Resources */,
			);
			runOnlyForDeploymentPostprocessing = 0;
		};
/* End PBXResourcesBuildPhase section */

/* Begin PBXShellScriptBuildPhase section */
		464C727B76B62DDA867B3649 /* [CP] Check Pods Manifest.lock */ = {
			isa = PBXShellScriptBuildPhase;
			buildActionMask = 2147483647;
			files = (
			);
			inputPaths = (
			);
			name = "[CP] Check Pods Manifest.lock";
			outputPaths = (
			);
			runOnlyForDeploymentPostprocessing = 0;
			shellPath = /bin/sh;
			shellScript = "diff \"${PODS_PODFILE_DIR_PATH}/Podfile.lock\" \"${PODS_ROOT}/Manifest.lock\" > /dev/null\nif [ $? != 0 ] ; then\n    # print error to STDERR\n    echo \"error: The sandbox is not in sync with the Podfile.lock. Run 'pod install' or update your CocoaPods installation.\" >&2\n    exit 1\nfi\n";
			showEnvVarsInLog = 0;
		};
		BD2D219269F58DE6EA85BFB7 /* [CP] Copy Pods Resources */ = {
			isa = PBXShellScriptBuildPhase;
			buildActionMask = 2147483647;
			files = (
			);
			inputPaths = (
			);
			name = "[CP] Copy Pods Resources";
			outputPaths = (
			);
			runOnlyForDeploymentPostprocessing = 0;
			shellPath = /bin/sh;
			shellScript = "\"${SRCROOT}/Pods/Target Support Files/Pods-ShoppingList/Pods-ShoppingList-resources.sh\"\n";
			showEnvVarsInLog = 0;
		};
		BFDC78610F7675D1D8313FE7 /* [CP] Embed Pods Frameworks */ = {
			isa = PBXShellScriptBuildPhase;
			buildActionMask = 2147483647;
			files = (
			);
			inputPaths = (
			);
			name = "[CP] Embed Pods Frameworks";
			outputPaths = (
			);
			runOnlyForDeploymentPostprocessing = 0;
			shellPath = /bin/sh;
			shellScript = "\"${SRCROOT}/Pods/Target Support Files/Pods-ShoppingList/Pods-ShoppingList-frameworks.sh\"\n";
			showEnvVarsInLog = 0;
		};
/* End PBXShellScriptBuildPhase section */

/* Begin PBXSourcesBuildPhase section */
		9342B26B1EFD15F50092C409 /* Sources */ = {
			isa = PBXSourcesBuildPhase;
			buildActionMask = 2147483647;
			files = (
				931EE95B206411A900DC4E15 /* ConnectionChecker.swift in Sources */,
				93015CCD207E5461005B6CA6 /* Colour.swift in Sources */,
				9342B28B1F02C4250092C409 /* ItemTVC.swift in Sources */,
				931EE97120659E0900DC4E15 /* DatabaseManager.swift in Sources */,
				9342B2891EFD2D110092C409 /* Item.swift in Sources */,
				931EE96A206559DE00DC4E15 /* ShoppingList.xcdatamodeld in Sources */,
				9342B2901F0820460092C409 /* List.swift in Sources */,
				9342B2751EFD15F50092C409 /* HomeViewController.swift in Sources */,
				9342B2921F0C30570092C409 /* ListController.swift in Sources */,
				93B56AF52066FDA1006B00BA /* Messaging.swift in Sources */,
				9342B2851EFD29650092C409 /* ShoppingListVC.swift in Sources */,
				9342B2731EFD15F50092C409 /* AppDelegate.swift in Sources */,
				931EE96D20655A6B00DC4E15 /* Lists+CoreDataClass.swift in Sources */,
				931EE96E20655A6B00DC4E15 /* Lists+CoreDataProperties.swift in Sources */,
			);
			runOnlyForDeploymentPostprocessing = 0;
		};
/* End PBXSourcesBuildPhase section */

/* Begin PBXVariantGroup section */
		9342B2761EFD15F50092C409 /* Main.storyboard */ = {
			isa = PBXVariantGroup;
			children = (
				9342B2771EFD15F50092C409 /* Base */,
			);
			name = Main.storyboard;
			sourceTree = "<group>";
		};
		9342B27B1EFD15F50092C409 /* LaunchScreen.storyboard */ = {
			isa = PBXVariantGroup;
			children = (
				9342B27C1EFD15F50092C409 /* Base */,
			);
			name = LaunchScreen.storyboard;
			sourceTree = "<group>";
		};
/* End PBXVariantGroup section */

/* Begin XCBuildConfiguration section */
		9342B27F1EFD15F50092C409 /* Debug */ = {
			isa = XCBuildConfiguration;
			buildSettings = {
				ALWAYS_SEARCH_USER_PATHS = NO;
				CLANG_ANALYZER_NONNULL = YES;
				CLANG_ANALYZER_NUMBER_OBJECT_CONVERSION = YES_AGGRESSIVE;
				CLANG_CXX_LANGUAGE_STANDARD = "gnu++0x";
				CLANG_CXX_LIBRARY = "libc++";
				CLANG_ENABLE_MODULES = YES;
				CLANG_ENABLE_OBJC_ARC = YES;
				CLANG_WARN_BLOCK_CAPTURE_AUTORELEASING = YES;
				CLANG_WARN_BOOL_CONVERSION = YES;
				CLANG_WARN_COMMA = YES;
				CLANG_WARN_CONSTANT_CONVERSION = YES;
				CLANG_WARN_DEPRECATED_OBJC_IMPLEMENTATIONS = YES;
				CLANG_WARN_DIRECT_OBJC_ISA_USAGE = YES_ERROR;
				CLANG_WARN_DOCUMENTATION_COMMENTS = YES;
				CLANG_WARN_EMPTY_BODY = YES;
				CLANG_WARN_ENUM_CONVERSION = YES;
				CLANG_WARN_INFINITE_RECURSION = YES;
				CLANG_WARN_INT_CONVERSION = YES;
				CLANG_WARN_NON_LITERAL_NULL_CONVERSION = YES;
				CLANG_WARN_OBJC_IMPLICIT_RETAIN_SELF = YES;
				CLANG_WARN_OBJC_LITERAL_CONVERSION = YES;
				CLANG_WARN_OBJC_ROOT_CLASS = YES_ERROR;
				CLANG_WARN_RANGE_LOOP_ANALYSIS = YES;
				CLANG_WARN_STRICT_PROTOTYPES = YES;
				CLANG_WARN_SUSPICIOUS_MOVE = YES;
				CLANG_WARN_UNREACHABLE_CODE = YES;
				CLANG_WARN__DUPLICATE_METHOD_MATCH = YES;
				"CODE_SIGN_IDENTITY[sdk=iphoneos*]" = "iPhone Developer";
				COPY_PHASE_STRIP = NO;
				DEBUG_INFORMATION_FORMAT = dwarf;
				ENABLE_STRICT_OBJC_MSGSEND = YES;
				ENABLE_TESTABILITY = YES;
				GCC_C_LANGUAGE_STANDARD = gnu99;
				GCC_DYNAMIC_NO_PIC = NO;
				GCC_NO_COMMON_BLOCKS = YES;
				GCC_OPTIMIZATION_LEVEL = 0;
				GCC_PREPROCESSOR_DEFINITIONS = (
					"DEBUG=1",
					"$(inherited)",
				);
				GCC_WARN_64_TO_32_BIT_CONVERSION = YES;
				GCC_WARN_ABOUT_RETURN_TYPE = YES_ERROR;
				GCC_WARN_UNDECLARED_SELECTOR = YES;
				GCC_WARN_UNINITIALIZED_AUTOS = YES_AGGRESSIVE;
				GCC_WARN_UNUSED_FUNCTION = YES;
				GCC_WARN_UNUSED_VARIABLE = YES;
				IPHONEOS_DEPLOYMENT_TARGET = 10.0;
				MTL_ENABLE_DEBUG_INFO = YES;
				ONLY_ACTIVE_ARCH = YES;
				SDKROOT = iphoneos;
				SWIFT_ACTIVE_COMPILATION_CONDITIONS = DEBUG;
				SWIFT_OPTIMIZATION_LEVEL = "-O";
				TARGETED_DEVICE_FAMILY = "1,2";
			};
			name = Debug;
		};
		9342B2801EFD15F50092C409 /* Release */ = {
			isa = XCBuildConfiguration;
			buildSettings = {
				ALWAYS_SEARCH_USER_PATHS = NO;
				CLANG_ANALYZER_NONNULL = YES;
				CLANG_ANALYZER_NUMBER_OBJECT_CONVERSION = YES_AGGRESSIVE;
				CLANG_CXX_LANGUAGE_STANDARD = "gnu++0x";
				CLANG_CXX_LIBRARY = "libc++";
				CLANG_ENABLE_MODULES = YES;
				CLANG_ENABLE_OBJC_ARC = YES;
				CLANG_WARN_BLOCK_CAPTURE_AUTORELEASING = YES;
				CLANG_WARN_BOOL_CONVERSION = YES;
				CLANG_WARN_COMMA = YES;
				CLANG_WARN_CONSTANT_CONVERSION = YES;
				CLANG_WARN_DEPRECATED_OBJC_IMPLEMENTATIONS = YES;
				CLANG_WARN_DIRECT_OBJC_ISA_USAGE = YES_ERROR;
				CLANG_WARN_DOCUMENTATION_COMMENTS = YES;
				CLANG_WARN_EMPTY_BODY = YES;
				CLANG_WARN_ENUM_CONVERSION = YES;
				CLANG_WARN_INFINITE_RECURSION = YES;
				CLANG_WARN_INT_CONVERSION = YES;
				CLANG_WARN_NON_LITERAL_NULL_CONVERSION = YES;
				CLANG_WARN_OBJC_IMPLICIT_RETAIN_SELF = YES;
				CLANG_WARN_OBJC_LITERAL_CONVERSION = YES;
				CLANG_WARN_OBJC_ROOT_CLASS = YES_ERROR;
				CLANG_WARN_RANGE_LOOP_ANALYSIS = YES;
				CLANG_WARN_STRICT_PROTOTYPES = YES;
				CLANG_WARN_SUSPICIOUS_MOVE = YES;
				CLANG_WARN_UNREACHABLE_CODE = YES;
				CLANG_WARN__DUPLICATE_METHOD_MATCH = YES;
				"CODE_SIGN_IDENTITY[sdk=iphoneos*]" = "iPhone Developer";
				COPY_PHASE_STRIP = NO;
				DEBUG_INFORMATION_FORMAT = "dwarf-with-dsym";
				ENABLE_NS_ASSERTIONS = NO;
				ENABLE_STRICT_OBJC_MSGSEND = YES;
				GCC_C_LANGUAGE_STANDARD = gnu99;
				GCC_NO_COMMON_BLOCKS = YES;
				GCC_WARN_64_TO_32_BIT_CONVERSION = YES;
				GCC_WARN_ABOUT_RETURN_TYPE = YES_ERROR;
				GCC_WARN_UNDECLARED_SELECTOR = YES;
				GCC_WARN_UNINITIALIZED_AUTOS = YES_AGGRESSIVE;
				GCC_WARN_UNUSED_FUNCTION = YES;
				GCC_WARN_UNUSED_VARIABLE = YES;
				IPHONEOS_DEPLOYMENT_TARGET = 10.0;
				MTL_ENABLE_DEBUG_INFO = NO;
				SDKROOT = iphoneos;
				SWIFT_OPTIMIZATION_LEVEL = "-Owholemodule";
				TARGETED_DEVICE_FAMILY = "1,2";
				VALIDATE_PRODUCT = YES;
			};
			name = Release;
		};
		9342B2821EFD15F50092C409 /* Debug */ = {
			isa = XCBuildConfiguration;
			baseConfigurationReference = 35D5167269E34F648DA39338 /* Pods-ShoppingList.debug.xcconfig */;
			buildSettings = {
				ASSETCATALOG_COMPILER_APPICON_NAME = AppIcon;
				DEVELOPMENT_TEAM = S7WE6HW865;
				INFOPLIST_FILE = ShoppingList/Info.plist;
				IPHONEOS_DEPLOYMENT_TARGET = 10.0;
				LD_RUNPATH_SEARCH_PATHS = "$(inherited) @executable_path/Frameworks";
				PRODUCT_BUNDLE_IDENTIFIER = com.DayanYonnatan.ShoppingList;
				PRODUCT_NAME = "Shopping List - Live";
				SWIFT_OPTIMIZATION_LEVEL = "-Owholemodule";
				SWIFT_SWIFT3_OBJC_INFERENCE = On;
				SWIFT_VERSION = 4.0;
			};
			name = Debug;
		};
		9342B2831EFD15F50092C409 /* Release */ = {
			isa = XCBuildConfiguration;
			baseConfigurationReference = DB774FA88A8103C038B6A54C /* Pods-ShoppingList.release.xcconfig */;
			buildSettings = {
				ASSETCATALOG_COMPILER_APPICON_NAME = AppIcon;
				DEVELOPMENT_TEAM = S7WE6HW865;
				INFOPLIST_FILE = ShoppingList/Info.plist;
				IPHONEOS_DEPLOYMENT_TARGET = 10.0;
				LD_RUNPATH_SEARCH_PATHS = "$(inherited) @executable_path/Frameworks";
				PRODUCT_BUNDLE_IDENTIFIER = com.DayanYonnatan.ShoppingList;
				PRODUCT_NAME = "Shopping List - Live";
				SWIFT_OPTIMIZATION_LEVEL = "-O";
				SWIFT_SWIFT3_OBJC_INFERENCE = On;
				SWIFT_VERSION = 4.0;
			};
			name = Release;
		};
/* End XCBuildConfiguration section */

/* Begin XCConfigurationList section */
		9342B26A1EFD15F50092C409 /* Build configuration list for PBXProject "Shopping List" */ = {
			isa = XCConfigurationList;
			buildConfigurations = (
				9342B27F1EFD15F50092C409 /* Debug */,
				9342B2801EFD15F50092C409 /* Release */,
			);
			defaultConfigurationIsVisible = 0;
			defaultConfigurationName = Release;
		};
		9342B2811EFD15F50092C409 /* Build configuration list for PBXNativeTarget "Shopping List" */ = {
			isa = XCConfigurationList;
			buildConfigurations = (
				9342B2821EFD15F50092C409 /* Debug */,
				9342B2831EFD15F50092C409 /* Release */,
			);
			defaultConfigurationIsVisible = 0;
			defaultConfigurationName = Release;
		};
/* End XCConfigurationList section */

/* Begin XCVersionGroup section */
		931EE968206559DE00DC4E15 /* ShoppingList.xcdatamodeld */ = {
			isa = XCVersionGroup;
			children = (
				931EE969206559DE00DC4E15 /* ShoppingList.xcdatamodel */,
			);
			currentVersion = 931EE969206559DE00DC4E15 /* ShoppingList.xcdatamodel */;
			path = ShoppingList.xcdatamodeld;
			sourceTree = "<group>";
			versionGroupType = wrapper.xcdatamodel;
		};
/* End XCVersionGroup section */
	};
	rootObject = 9342B2671EFD15F50092C409 /* Project object */;
}
